--- Cargo.lock.orig	2024-11-17 07:58:28 UTC
+++ Cargo.lock
@@ -1,5 +1,7 @@
 # This file is automatically @generated by Cargo.
 # It is not intended for manual editing.
+version = 3
+
 [[package]]
 name = "adblock"
 version = "0.3.10"
@@ -8,7 +10,7 @@ dependencies = [
 dependencies = [
  "addr",
  "base64",
- "bitflags",
+ "bitflags 1.2.1",
  "flate2",
  "idna",
  "itertools",
@@ -89,6 +91,12 @@ checksum = "cf1de2fe8c75bc145a2f577add951f8134889b4795
 checksum = "cf1de2fe8c75bc145a2f577add951f8134889b4795d47466a54a5c846d691693"
 
 [[package]]
+name = "bitflags"
+version = "2.6.0"
+source = "registry+https://github.com/rust-lang/crates.io-index"
+checksum = "b048fb63fd8b5923fc5aa7b340d8e156aec7ec02f0c78fa8a6ddc2613f6f71de"
+
+[[package]]
 name = "byteorder"
 version = "1.4.2"
 source = "registry+https://github.com/rust-lang/crates.io-index"
@@ -312,19 +320,31 @@ name = "openssl"
 
 [[package]]
 name = "openssl"
-version = "0.10.32"
+version = "0.10.68"
 source = "registry+https://github.com/rust-lang/crates.io-index"
-checksum = "038d43985d1ddca7a9900630d8cd031b56e4794eecc2e9ea39dd17aa04399a70"
+checksum = "6174bc48f102d208783c2c84bf931bb75927a617866870de8a4ea85597f871f5"
 dependencies = [
- "bitflags",
+ "bitflags 2.6.0",
  "cfg-if",
  "foreign-types",
- "lazy_static",
  "libc",
+ "once_cell",
+ "openssl-macros",
  "openssl-sys",
 ]
 
 [[package]]
+name = "openssl-macros"
+version = "0.1.0"
+source = "registry+https://github.com/rust-lang/crates.io-index"
+checksum = "b501e44f11665960c7e7fcf062c7d96a14ade4aa98116c004b2e37b5be7d736c"
+dependencies = [
+ "proc-macro2",
+ "quote",
+ "syn",
+]
+
+[[package]]
 name = "openssl-probe"
 version = "0.1.2"
 source = "registry+https://github.com/rust-lang/crates.io-index"
@@ -332,11 +352,10 @@ name = "openssl-sys"
 
 [[package]]
 name = "openssl-sys"
-version = "0.9.60"
+version = "0.9.104"
 source = "registry+https://github.com/rust-lang/crates.io-index"
-checksum = "921fc71883267538946025deffb622905ecad223c28efbfdef9bb59a0175f3e6"
+checksum = "45abf306cbf99debc8195b66b7346498d7b10c210de50418b5ccd7ceba08c741"
 dependencies = [
- "autocfg",
  "cc",
  "libc",
  "pkg-config",
@@ -440,7 +459,7 @@ dependencies = [
 source = "registry+https://github.com/rust-lang/crates.io-index"
 checksum = "94341e4e44e24f6b591b59e47a8a027df12e008d73fd5672dbea9cc22f4507d9"
 dependencies = [
- "bitflags",
+ "bitflags 1.2.1",
 ]
 
 [[package]]
@@ -513,7 +532,7 @@ dependencies = [
 source = "registry+https://github.com/rust-lang/crates.io-index"
 checksum = "2dfd318104249865096c8da1dfabf09ddbb6d0330ea176812a62ec75e40c4166"
 dependencies = [
- "bitflags",
+ "bitflags 1.2.1",
  "core-foundation",
  "core-foundation-sys",
  "libc",
